github.com/aws/aws-sdk-go-v2 v1.35.0 h1:jTPxEJyzjSuuz0wB+302hr8Eu9KUI+Zv8zlujMGJpVI=
github.com/aws/aws-sdk-go-v2 v1.35.0/go.mod h1:JgstGg0JjWU1KpVJjD5H0y0yyAIpSdKEq556EI6yOOM=
github.com/aws/aws-sdk-go-v2/config v1.29.1 h1:JZhGawAyZ/EuJeBtbQYnaoftczcb2drR2Iq36Wgz4sQ=
github.com/aws/aws-sdk-go-v2/config v1.29.1/go.mod h1:7bR2YD5euaxBhzt2y/oDkt3uNRb6tjFp98GlTFueRwk=
github.com/aws/aws-sdk-go-v2/credentials v1.17.54 h1:4UmqeOqJPvdvASZWrKlhzpRahAulBfyTJQUaYy4+hEI=
github.com/aws/aws-sdk-go-v2/credentials v1.17.54/go.mod h1:RTdfo0P0hbbTxIhmQrOsC/PquBZGabEPnCaxxKRPSnI=
github.com/aws/aws-sdk-go-v2/feature/ec2/imds v1.16.24 h1:5grmdTdMsovn9kPZPI23Hhvp0ZyNm5cRO+IZFIYiAfw=
github.com/aws/aws-sdk-go-v2/feature/ec2/imds v1.16.24/go.mod h1:zqi7TVKTswH3Ozq28PkmBmgzG1tona7mo9G2IJg4Cis=
github.com/aws/aws-sdk-go-v2/internal/configsources v1.3.30 h1:+7AzSGNhHoY53di13lvztf9Dyd/9ofzoYGBllkWp3a0=
github.com/aws/aws-sdk-go-v2/internal/configsources v1.3.30/go.mod h1:Jxd/FrCny99yURiQiMywgXvBhd7tmgdv6KdlUTNzMSo=
github.com/aws/aws-sdk-go-v2/internal/endpoints/v2 v2.6.30 h1:Ex06eY6I5rO7IX0HalGfa5nGjpBoOsS1Qm3xfjkuszs=
github.com/aws/aws-sdk-go-v2/internal/endpoints/v2 v2.6.30/go.mod h1:AvyEMA9QcX59kFhVizBpIBpEMThUTXssuJe+emBdcGM=
github.com/aws/aws-sdk-go-v2/internal/ini v1.8.1 h1:VaRN3TlFdd6KxX1x3ILT5ynH6HvKgqdiXoTxAF4HQcQ=
github.com/aws/aws-sdk-go-v2/internal/ini v1.8.1/go.mod h1:FbtygfRFze9usAadmnGJNc8KsP346kEe+y2/oyhGAGc=
github.com/aws/aws-sdk-go-v2/service/internal/accept-encoding v1.12.2 h1:D4oz8/CzT9bAEYtVhSBmFj2dNOtaHOtMKc2vHBwYizA=
github.com/aws/aws-sdk-go-v2/service/internal/accept-encoding v1.12.2/go.mod h1:Za3IHqTQ+yNcRHxu1OFucBh0ACZT4j4VQFF0BqpZcLY=
github.com/aws/aws-sdk-go-v2/service/internal/presigned-url v1.12.11 h1:5JKQ2J3BBW4ovy6A/5Lwx9SpA6IzgH8jB3bquGZ1NUw=
github.com/aws/aws-sdk-go-v2/service/internal/presigned-url v1.12.11/go.mod h1:VShCk7rfCzK/b9U1aSkzLwcOoaDlYna16482QqEavis=
github.com/aws/aws-sdk-go-v2/service/sso v1.24.11 h1:kuIyu4fTT38Kj7YCC7ouNbVZSSpqkZ+LzIfhCr6Dg+I=
github.com/aws/aws-sdk-go-v2/service/sso v1.24.11/go.mod h1:Ro744S4fKiCCuZECXgOi760TiYylUM8ZBf6OGiZzJtY=
github.com/aws/aws-sdk-go-v2/service/ssooidc v1.28.10 h1:l+dgv/64iVlQ3WsBbnn+JSbkj01jIi+SM0wYsj3y/hY=
github.com/aws/aws-sdk-go-v2/service/ssooidc v1.28.10/go.mod h1:Fzsj6lZEb8AkTE5S68OhcbBqeWPsR8RnGuKPr8Todl8=
github.com/aws/aws-sdk-go-v2/service/sts v1.33.11 h1:RIXOjp7Dp4siCYJRwBHUcBdVgOWflSJGlq4ZhMI5Ta0=
github.com/aws/aws-sdk-go-v2/service/sts v1.33.11/go.mod h1:ZR17k9bPKPR8u0IkyA6xVsjr56doNQ4ZB1fs7abYBfE=
github.com/aws/smithy-go v1.22.2 h1:6D9hW43xKFrRx/tXXfAlIZc4JI+yQe6snnWcQyxSyLQ=
github.com/aws/smithy-go v1.22.2/go.mod h1:irrKGvNn1InZwb2d7fkIRNucdfwR8R+Ts3wxYa/cJHg=
