github.com/aws/aws-sdk-go-v2 v1.38.0 h1:UCRQ5mlqcFk9HJDIqENSLR3wiG1VTWlyUfLDEvY7RxU=
github.com/aws/aws-sdk-go-v2 v1.38.0/go.mod h1:9Q0OoGQoboYIAJyslFyF1f5K1Ryddop8gqMhWx/n4Wg=
github.com/aws/aws-sdk-go-v2/config v1.30.2 h1:YE1BmSc4fFYqFgN1mN8uzrtc7R9x+7oSWeX8ckoltAw=
github.com/aws/aws-sdk-go-v2/config v1.30.2/go.mod h1:UNrLGZ6jfAVjgVJpkIxjLufRJqTXCVYOpkeVf83kwBo=
github.com/aws/aws-sdk-go-v2/credentials v1.18.2 h1:mfm0GKY/PHLhs7KO0sUaOtFnIQ15Qqxt+wXbO/5fIfs=
github.com/aws/aws-sdk-go-v2/credentials v1.18.2/go.mod h1:v0SdJX6ayPeZFQxgXUKw5RhLpAoZUuynxWDfh8+Eknc=
github.com/aws/aws-sdk-go-v2/feature/ec2/imds v1.18.1 h1:owmNBboeA0kHKDcdF8KiSXmrIuXZustfMGGytv6OMkM=
github.com/aws/aws-sdk-go-v2/feature/ec2/imds v1.18.1/go.mod h1:Bg1miN59SGxrZqlP8vJZSmXW+1N8Y1MjQDq1OfuNod8=
github.com/aws/aws-sdk-go-v2/internal/configsources v1.4.3 h1:o9RnO+YZ4X+kt5Z7Nvcishlz0nksIt2PIzDglLMP0vA=
github.com/aws/aws-sdk-go-v2/internal/configsources v1.4.3/go.mod h1:+6aLJzOG1fvMOyzIySYjOFjcguGvVRL68R+uoRencN4=
github.com/aws/aws-sdk-go-v2/internal/endpoints/v2 v2.7.3 h1:joyyUFhiTQQmVK6ImzNU9TQSNRNeD9kOklqTzyk5v6s=
github.com/aws/aws-sdk-go-v2/internal/endpoints/v2 v2.7.3/go.mod h1:+vNIyZQP3b3B1tSLI0lxvrU9cfM7gpdRXMFfm67ZcPc=
github.com/aws/aws-sdk-go-v2/internal/ini v1.8.3 h1:bIqFDwgGXXN1Kpp99pDOdKMTTb5d2KyU5X/BZxjOkRo=
github.com/aws/aws-sdk-go-v2/internal/ini v1.8.3/go.mod h1:H5O/EsxDWyU+LP/V8i5sm8cxoZgc2fdNR9bxlOFrQTo=
github.com/aws/aws-sdk-go-v2/service/internal/accept-encoding v1.13.0 h1:6+lZi2JeGKtCraAj1rpoZfKqnQ9SptseRZioejfUOLM=
github.com/aws/aws-sdk-go-v2/service/internal/accept-encoding v1.13.0/go.mod h1:eb3gfbVIxIoGgJsi9pGne19dhCBpK6opTYpQqAmdy44=
github.com/aws/aws-sdk-go-v2/service/internal/presigned-url v1.13.3 h1:ieRzyHXypu5ByllM7Sp4hC5f/1Fy5wqxqY0yB85hC7s=
github.com/aws/aws-sdk-go-v2/service/internal/presigned-url v1.13.3/go.mod h1:O5ROz8jHiOAKAwx179v+7sHMhfobFVi6nZt8DEyiYoM=
github.com/aws/aws-sdk-go-v2/service/sso v1.26.1 h1:uWaz3DoNK9MNhm7i6UGxqufwu3BEuJZm72WlpGwyVtY=
github.com/aws/aws-sdk-go-v2/service/sso v1.26.1/go.mod h1:ILpVNjL0BO+Z3Mm0SbEeUoYS9e0eJWV1BxNppp0fcb8=
github.com/aws/aws-sdk-go-v2/service/ssooidc v1.31.1 h1:XdG6/o1/ZDmn3wJU5SRAejHaWgKS4zHv0jBamuKuS2k=
github.com/aws/aws-sdk-go-v2/service/ssooidc v1.31.1/go.mod h1:oiotGTKadCOCl3vg/tYh4k45JlDF81Ka8rdumNhEnIQ=
github.com/aws/aws-sdk-go-v2/service/sts v1.37.0 h1:MG9VFW43M4A8BYeAfaJJZWrroinxeTi2r3+SnmLQfSA=
github.com/aws/aws-sdk-go-v2/service/sts v1.37.0/go.mod h1:JdeBDPgpJfuS6rU/hNglmOigKhyEZtBmbraLE4GK1J8=
github.com/aws/smithy-go v1.22.5 h1:P9ATCXPMb2mPjYBgueqJNCA5S9UfktsW0tTxi+a7eqw=
github.com/aws/smithy-go v1.22.5/go.mod h1:t1ufH5HMublsJYulve2RKmHDC15xu1f26kHCp/HgceI=
